
Microsoft Visual Studio Solution File, Format Version 12.00
# Visual Studio 14
VisualStudioVersion = 14.0.25420.1
MinimumVisualStudioVersion = 10.0.40219.1
Project("{2150E333-8FDC-42A3-9474-1A3956D46DE8}") = "src", "src", "{00ACB0C9-14B7-4354-A343-5A5B797231EE}"
EndProject
Project("{2150E333-8FDC-42A3-9474-1A3956D46DE8}") = "Solution Items", "Solution Items", "{63514835-DC80-4108-8CFE-BEAB3E16E35D}"
	ProjectSection(SolutionItems) = preProject
		global.json = global.json
	EndProjectSection
EndProject
Project("{8BB2217D-0F2D-49D1-97BC-3654ED321F3B}") = "NetCoreSamples", "src\NetCoreSamples\NetCoreSamples.xproj", "{DF7FAAE3-D47D-4F8A-BC5F-8B4CB5256180}"
EndProject
Project("{2150E333-8FDC-42A3-9474-1A3956D46DE8}") = "test", "test", "{9298B2F1-8EC0-4170-8A51-AB5261C66A32}"
EndProject
Project("{8BB2217D-0F2D-49D1-97BC-3654ED321F3B}") = "NetCoreSamples.Test", "test\NetCoreSamples.Test\NetCoreSamples.Test.xproj", "{1F999EC4-9734-4C07-AA82-096E29818ABF}"
EndProject
Project("{8BB2217D-0F2D-49D1-97BC-3654ED321F3B}") = "NetCoreSamples.API", "src\NetCoreSamples.API\NetCoreSamples.API.xproj", "{C15AE5DE-8E8B-4D84-BCCF-0AF5341BEBC0}"
EndProject
Global
	GlobalSection(SolutionConfigurationPlatforms) = preSolution
		Debug|Any CPU = Debug|Any CPU
		Release|Any CPU = Release|Any CPU
	EndGlobalSection
	GlobalSection(ProjectConfigurationPlatforms) = postSolution
		{DF7FAAE3-D47D-4F8A-BC5F-8B4CB5256180}.Debug|Any CPU.ActiveCfg = Debug|Any CPU
		{DF7FAAE3-D47D-4F8A-BC5F-8B4CB5256180}.Debug|Any CPU.Build.0 = Debug|Any CPU
		{DF7FAAE3-D47D-4F8A-BC5F-8B4CB5256180}.Release|Any CPU.ActiveCfg = Release|Any CPU
		{DF7FAAE3-D47D-4F8A-BC5F-8B4CB5256180}.Release|Any CPU.Build.0 = Release|Any CPU
		{1F999EC4-9734-4C07-AA82-096E29818ABF}.Debug|Any CPU.ActiveCfg = Debug|Any CPU
		{1F999EC4-9734-4C07-AA82-096E29818ABF}.Debug|Any CPU.Build.0 = Debug|Any CPU
		{1F999EC4-9734-4C07-AA82-096E29818ABF}.Release|Any CPU.ActiveCfg = Release|Any CPU
		{1F999EC4-9734-4C07-AA82-096E29818ABF}.Release|Any CPU.Build.0 = Release|Any CPU
		{C15AE5DE-8E8B-4D84-BCCF-0AF5341BEBC0}.Debug|Any CPU.ActiveCfg = Debug|Any CPU
		{C15AE5DE-8E8B-4D84-BCCF-0AF5341BEBC0}.Debug|Any CPU.Build.0 = Debug|Any CPU
		{C15AE5DE-8E8B-4D84-BCCF-0AF5341BEBC0}.Release|Any CPU.ActiveCfg = Release|Any CPU
		{C15AE5DE-8E8B-4D84-BCCF-0AF5341BEBC0}.Release|Any CPU.Build.0 = Release|Any CPU
	EndGlobalSection
	GlobalSection(SolutionProperties) = preSolution
		HideSolutionNode = FALSE
	EndGlobalSection
	GlobalSection(NestedProjects) = preSolution
		{DF7FAAE3-D47D-4F8A-BC5F-8B4CB5256180} = {00ACB0C9-14B7-4354-A343-5A5B797231EE}
		{1F999EC4-9734-4C07-AA82-096E29818ABF} = {9298B2F1-8EC0-4170-8A51-AB5261C66A32}
		{C15AE5DE-8E8B-4D84-BCCF-0AF5341BEBC0} = {00ACB0C9-14B7-4354-A343-5A5B797231EE}
	EndGlobalSection
EndGlobal
